
Microsoft Visual Studio Solution File, Format Version 12.00
# Visual Studio Version 16
VisualStudioVersion = 16.0.30413.136
MinimumVisualStudioVersion = 10.0.40219.1
Project("{FAE04EC0-301F-11D3-BF4B-00C04F79EFBC}") = "LearningWorld", "LearningWorld.csproj", "{9CACA5E7-857C-46A3-A1BB-60E63116BC65}"
EndProject
Global
	GlobalSection(SolutionConfigurationPlatforms) = preSolution
		Debug|Any CPU = Debug|Any CPU
		Release|Any CPU = Release|Any CPU
	EndGlobalSection
	GlobalSection(ProjectConfigurationPlatforms) = postSolution
		{9CACA5E7-857C-46A3-A1BB-60E63116BC65}.Debug|Any CPU.ActiveCfg = Debug|Any CPU
		{9CACA5E7-857C-46A3-A1BB-60E63116BC65}.Debug|Any CPU.Build.0 = Debug|Any CPU
		{9CACA5E7-857C-46A3-A1BB-60E63116BC65}.Release|Any CPU.ActiveCfg = Release|Any CPU
		{9CACA5E7-857C-46A3-A1BB-60E63116BC65}.Release|Any CPU.Build.0 = Release|Any CPU
	EndGlobalSection
	GlobalSection(SolutionProperties) = preSolution
		HideSolutionNode = FALSE
	EndGlobalSection
	GlobalSection(ExtensibilityGlobals) = postSolution
		SolutionGuid = {1CFAF8CA-57F7-4C47-B6FF-CEF1E662147B}
	EndGlobalSection
EndGlobal
